
Microsoft Visual Studio Solution File, Format Version 12.00
# Visual Studio Version 17
VisualStudioVersion = 17.14.37111.16 d17.14
MinimumVisualStudioVersion = 10.0.40219.1
Project("{FAE04EC0-301F-11D3-BF4B-00C04F79EFBC}") = "studio test", "studio test.csproj", "{D953E2A6-D928-4900-B670-14C82C1B2A98}"
EndProject
Global
	GlobalSection(SolutionConfigurationPlatforms) = preSolution
		Debug|Any CPU = Debug|Any CPU
		Release|Any CPU = Release|Any CPU
	EndGlobalSection
	GlobalSection(ProjectConfigurationPlatforms) = postSolution
		{D953E2A6-D928-4900-B670-14C82C1B2A98}.Debug|Any CPU.ActiveCfg = Debug|Any CPU
		{D953E2A6-D928-4900-B670-14C82C1B2A98}.Debug|Any CPU.Build.0 = Debug|Any CPU
		{D953E2A6-D928-4900-B670-14C82C1B2A98}.Release|Any CPU.ActiveCfg = Release|Any CPU
		{D953E2A6-D928-4900-B670-14C82C1B2A98}.Release|Any CPU.Build.0 = Release|Any CPU
	EndGlobalSection
	GlobalSection(SolutionProperties) = preSolution
		HideSolutionNode = FALSE
	EndGlobalSection
	GlobalSection(ExtensibilityGlobals) = postSolution
		SolutionGuid = {D603D7D4-88EA-4DAF-A278-0C14FA4F55CB}
	EndGlobalSection
EndGlobal
